
Microsoft Visual Studio Solution File, Format Version 12.00
# Visual Studio Version 17
VisualStudioVersion = 17.3.32825.248
MinimumVisualStudioVersion = 10.0.40219.1
Project("{FAE04EC0-301F-11D3-BF4B-00C04F79EFBC}") = "Методы 1 К", "Методы 1 К\Методы 1 К.csproj", "{0C2C910B-A730-48EF-9A6E-D9029F0A5B2C}"
EndProject
Global
	GlobalSection(SolutionConfigurationPlatforms) = preSolution
		Debug|Any CPU = Debug|Any CPU
		Release|Any CPU = Release|Any CPU
	EndGlobalSection
	GlobalSection(ProjectConfigurationPlatforms) = postSolution
		{0C2C910B-A730-48EF-9A6E-D9029F0A5B2C}.Debug|Any CPU.ActiveCfg = Debug|Any CPU
		{0C2C910B-A730-48EF-9A6E-D9029F0A5B2C}.Debug|Any CPU.Build.0 = Debug|Any CPU
		{0C2C910B-A730-48EF-9A6E-D9029F0A5B2C}.Release|Any CPU.ActiveCfg = Release|Any CPU
		{0C2C910B-A730-48EF-9A6E-D9029F0A5B2C}.Release|Any CPU.Build.0 = Release|Any CPU
	EndGlobalSection
	GlobalSection(SolutionProperties) = preSolution
		HideSolutionNode = FALSE
	EndGlobalSection
	GlobalSection(ExtensibilityGlobals) = postSolution
		SolutionGuid = {33DE1DED-5FE0-4A01-B00E-975D72E47252}
	EndGlobalSection
EndGlobal
